# THIS IS AN AUTOGENERATED FILE. DO NOT EDIT THIS FILE DIRECTLY.
# yarn lockfile v1


"@angular/common@^2.4.6":
  version "2.4.6"
  resolved "https://registry.yarnpkg.com/@angular/common/-/common-2.4.6.tgz#f005528f75d0a6deaaf636f3b779f26bda4adb07"

"@angular/compiler-cli@^2.4.6":
  version "2.4.6"
  resolved "https://registry.yarnpkg.com/@angular/compiler-cli/-/compiler-cli-2.4.6.tgz#7a34a3114b67ba9f42cb5d65eb81c9cffd54583f"
  dependencies:
    "@angular/tsc-wrapped" "0.5.2"
    minimist "^1.2.0"
    reflect-metadata "^0.1.2"

"@angular/compiler@^2.4.6":
  version "2.4.6"
  resolved "https://registry.yarnpkg.com/@angular/compiler/-/compiler-2.4.6.tgz#17236b858f5730eed257d93e90bcbae45e21e0fe"

"@angular/core@^2.4.6":
  version "2.4.6"
  resolved "https://registry.yarnpkg.com/@angular/core/-/core-2.4.6.tgz#4abec78ee035b27e8192acf70409c3dbca24e829"

"@angular/forms@^2.4.6":
  version "2.4.6"
  resolved "https://registry.yarnpkg.com/@angular/forms/-/forms-2.4.6.tgz#aca73ad404ebe3022ffb6461cb6c06da864185fe"

"@angular/http@^2.4.6":
  version "2.4.6"
  resolved "https://registry.yarnpkg.com/@angular/http/-/http-2.4.6.tgz#32952ce82558f939be52863faa8cab19b20351fd"

"@angular/platform-browser-dynamic@^2.4.6":
  version "2.4.6"
  resolved "https://registry.yarnpkg.com/@angular/platform-browser-dynamic/-/platform-browser-dynamic-2.4.6.tgz#d50d8b66f7fa00c0449f33c2c1b5348b67c9fcda"

"@angular/platform-browser@^2.4.6":
  version "2.4.6"
  resolved "https://registry.yarnpkg.com/@angular/platform-browser/-/platform-browser-2.4.6.tgz#ded44169d4a870d5ee40e95496d34e9ab03c2c3a"

"@angular/platform-server@^2.4.6":
  version "2.4.6"
  resolved "https://registry.yarnpkg.com/@angular/platform-server/-/platform-server-2.4.6.tgz#753a60866583e0469532719a3d0b92d0763bcef9"
  dependencies:
    parse5 "^2.2.1"

"@angular/router@^3.4.6":
  version "3.4.6"
  resolved "https://registry.yarnpkg.com/@angular/router/-/router-3.4.6.tgz#df708503f2006a090a2704f5490a9ea1ba9fc9d0"

"@angular/tsc-wrapped@0.5.2":
  version "0.5.2"
  resolved "https://registry.yarnpkg.com/@angular/tsc-wrapped/-/tsc-wrapped-0.5.2.tgz#2eddf472c467fcb334ea94deddaaa71990c5a482"
  dependencies:
    tsickle "^0.2"

"@types/node@^7.0.5":
  version "7.0.5"
  resolved "https://registry.yarnpkg.com/@types/node/-/node-7.0.5.tgz#96a0f0a618b7b606f1ec547403c00650210bfbb7"

minimist@0.0.8:
  version "0.0.8"
  resolved "https://registry.yarnpkg.com/minimist/-/minimist-0.0.8.tgz#857fcabfc3397d2625b8228262e86aa7a011b05d"

minimist@^1.2.0:
  version "1.2.0"
  resolved "https://registry.yarnpkg.com/minimist/-/minimist-1.2.0.tgz#a35008b20f41383eec1fb914f4cd5df79a264284"

mkdirp@^0.5.1:
  version "0.5.1"
  resolved "https://registry.yarnpkg.com/mkdirp/-/mkdirp-0.5.1.tgz#30057438eac6cf7f8c4767f38648d6697d75c903"
  dependencies:
    minimist "0.0.8"

parse5@^2.2.1:
  version "2.2.3"
  resolved "https://registry.yarnpkg.com/parse5/-/parse5-2.2.3.tgz#0c4fc41c1000c5e6b93d48b03f8083837834e9f6"

reflect-metadata@^0.1.2:
  version "0.1.9"
  resolved "https://registry.yarnpkg.com/reflect-metadata/-/reflect-metadata-0.1.9.tgz#987238dc87a516895fe457f130435ffbd763a4d4"

rxjs@^5.0.1:
  version "5.1.0"
  resolved "https://registry.yarnpkg.com/rxjs/-/rxjs-5.1.0.tgz#0aa9018b7f440b505fa42bd742b6738be550e720"
  dependencies:
    symbol-observable "^1.0.1"

source-map-support@^0.4.2:
  version "0.4.11"
  resolved "https://registry.yarnpkg.com/source-map-support/-/source-map-support-0.4.11.tgz#647f939978b38535909530885303daf23279f322"
  dependencies:
    source-map "^0.5.3"

source-map@^0.5.3, source-map@^0.5.6:
  version "0.5.6"
  resolved "https://registry.yarnpkg.com/source-map/-/source-map-0.5.6.tgz#75ce38f52bf0733c5a7f0c118d81334a2bb5f412"

symbol-observable@^1.0.1:
  version "1.0.4"
  resolved "https://registry.yarnpkg.com/symbol-observable/-/symbol-observable-1.0.4.tgz#29bf615d4aa7121bdd898b22d4b3f9bc4e2aa03d"

tsickle@^0.2:
  version "0.2.6"
  resolved "https://registry.yarnpkg.com/tsickle/-/tsickle-0.2.6.tgz#ad4abf92e74ebdf3fb5aa187ca85b02066fe1a1b"
  dependencies:
    minimist "^1.2.0"
    mkdirp "^0.5.1"
    source-map "^0.5.6"
    source-map-support "^0.4.2"

tslib@^1.5.0:
  version "1.5.0"
  resolved "https://registry.yarnpkg.com/tslib/-/tslib-1.5.0.tgz#3bb50f871e5fdf9a4555a9ff237b730860048fea"

typescript@^2.1.5:
  version "2.1.5"
  resolved "https://registry.yarnpkg.com/typescript/-/typescript-2.1.5.tgz#6fe9479e00e01855247cea216e7561bafcdbcd4a"

zone.js@^0.7.2:
  version "0.7.6"
  resolved "https://registry.yarnpkg.com/zone.js/-/zone.js-0.7.6.tgz#fbbc39d3e0261d0986f1ba06306eb3aeb0d22009"
